
Microsoft Visual Studio Solution File, Format Version 12.00
# Visual Studio 15
VisualStudioVersion = 15.0.28307.329
MinimumVisualStudioVersion = 10.0.40219.1
Project("{FAE04EC0-301F-11D3-BF4B-00C04F79EFBC}") = "Order App", "Chapeau Restaurant\Order App.csproj", "{F5C5BF89-4E53-4525-951C-7C9EB72D87BB}"
EndProject
Global
	GlobalSection(SolutionConfigurationPlatforms) = preSolution
		Debug|Any CPU = Debug|Any CPU
		Release|Any CPU = Release|Any CPU
	EndGlobalSection
	GlobalSection(ProjectConfigurationPlatforms) = postSolution
		{F5C5BF89-4E53-4525-951C-7C9EB72D87BB}.Debug|Any CPU.ActiveCfg = Debug|Any CPU
		{F5C5BF89-4E53-4525-951C-7C9EB72D87BB}.Debug|Any CPU.Build.0 = Debug|Any CPU
		{F5C5BF89-4E53-4525-951C-7C9EB72D87BB}.Release|Any CPU.ActiveCfg = Release|Any CPU
		{F5C5BF89-4E53-4525-951C-7C9EB72D87BB}.Release|Any CPU.Build.0 = Release|Any CPU
	EndGlobalSection
	GlobalSection(SolutionProperties) = preSolution
		HideSolutionNode = FALSE
	EndGlobalSection
	GlobalSection(ExtensibilityGlobals) = postSolution
		SolutionGuid = {503CDF5B-0ED8-490F-B17B-B31074F183F6}
	EndGlobalSection
EndGlobal
